
Microsoft Visual Studio Solution File, Format Version 12.00
# Visual Studio Version 16
VisualStudioVersion = 16.0.30225.117
MinimumVisualStudioVersion = 10.0.40219.1
Project("{FAE04EC0-301F-11D3-BF4B-00C04F79EFBC}") = "FlyingVehicleCrashFix", "FlyingVehicleCrashFix\FlyingVehicleCrashFix.csproj", "{9656FBBC-0C8E-491C-A49D-6B92BC83DCAB}"
EndProject
Global
	GlobalSection(SolutionConfigurationPlatforms) = preSolution
		Debug|Any CPU = Debug|Any CPU
		Release|Any CPU = Release|Any CPU
	EndGlobalSection
	GlobalSection(ProjectConfigurationPlatforms) = postSolution
		{9656FBBC-0C8E-491C-A49D-6B92BC83DCAB}.Debug|Any CPU.ActiveCfg = Debug|Any CPU
		{9656FBBC-0C8E-491C-A49D-6B92BC83DCAB}.Debug|Any CPU.Build.0 = Debug|Any CPU
		{9656FBBC-0C8E-491C-A49D-6B92BC83DCAB}.Release|Any CPU.ActiveCfg = Release|Any CPU
		{9656FBBC-0C8E-491C-A49D-6B92BC83DCAB}.Release|Any CPU.Build.0 = Release|Any CPU
	EndGlobalSection
	GlobalSection(SolutionProperties) = preSolution
		HideSolutionNode = FALSE
	EndGlobalSection
	GlobalSection(ExtensibilityGlobals) = postSolution
		SolutionGuid = {317AE92D-2951-4344-B84A-24F8B6933C3E}
	EndGlobalSection
EndGlobal
